
Microsoft Visual Studio Solution File, Format Version 12.00
# Visual Studio Version 17
VisualStudioVersion = 17.13.35931.197 d17.13
MinimumVisualStudioVersion = 10.0.40219.1
Project("{FAE04EC0-301F-11D3-BF4B-00C04F79EFBC}") = "ScannerA", "ScannerA\ScannerA.csproj", "{0F7E66CE-906D-436A-B454-E42FD7D7D2DD}"
EndProject
Project("{FAE04EC0-301F-11D3-BF4B-00C04F79EFBC}") = "ScannerB", "ScannerB\ScannerB.csproj", "{C8F5B050-FF19-4A2D-A3EA-C6A57DBF060C}"
EndProject
Project("{FAE04EC0-301F-11D3-BF4B-00C04F79EFBC}") = "Master", "Master\Master.csproj", "{7AE7DC2E-451D-43BA-8BAF-F0B1ACF10D89}"
EndProject
Global
	GlobalSection(SolutionConfigurationPlatforms) = preSolution
		Debug|Any CPU = Debug|Any CPU
		Release|Any CPU = Release|Any CPU
	EndGlobalSection
	GlobalSection(ProjectConfigurationPlatforms) = postSolution
		{0F7E66CE-906D-436A-B454-E42FD7D7D2DD}.Debug|Any CPU.ActiveCfg = Debug|Any CPU
		{0F7E66CE-906D-436A-B454-E42FD7D7D2DD}.Debug|Any CPU.Build.0 = Debug|Any CPU
		{0F7E66CE-906D-436A-B454-E42FD7D7D2DD}.Release|Any CPU.ActiveCfg = Release|Any CPU
		{0F7E66CE-906D-436A-B454-E42FD7D7D2DD}.Release|Any CPU.Build.0 = Release|Any CPU
		{C8F5B050-FF19-4A2D-A3EA-C6A57DBF060C}.Debug|Any CPU.ActiveCfg = Debug|Any CPU
		{C8F5B050-FF19-4A2D-A3EA-C6A57DBF060C}.Debug|Any CPU.Build.0 = Debug|Any CPU
		{C8F5B050-FF19-4A2D-A3EA-C6A57DBF060C}.Release|Any CPU.ActiveCfg = Release|Any CPU
		{C8F5B050-FF19-4A2D-A3EA-C6A57DBF060C}.Release|Any CPU.Build.0 = Release|Any CPU
		{7AE7DC2E-451D-43BA-8BAF-F0B1ACF10D89}.Debug|Any CPU.ActiveCfg = Debug|Any CPU
		{7AE7DC2E-451D-43BA-8BAF-F0B1ACF10D89}.Debug|Any CPU.Build.0 = Debug|Any CPU
		{7AE7DC2E-451D-43BA-8BAF-F0B1ACF10D89}.Release|Any CPU.ActiveCfg = Release|Any CPU
		{7AE7DC2E-451D-43BA-8BAF-F0B1ACF10D89}.Release|Any CPU.Build.0 = Release|Any CPU
	EndGlobalSection
	GlobalSection(SolutionProperties) = preSolution
		HideSolutionNode = FALSE
	EndGlobalSection
	GlobalSection(ExtensibilityGlobals) = postSolution
		SolutionGuid = {DBF6969C-1B99-4072-B55E-BDEE79BBF36F}
	EndGlobalSection
EndGlobal
